
Microsoft Visual Studio Solution File, Format Version 12.00
# Visual Studio Version 17
VisualStudioVersion = 17.0.32126.317
MinimumVisualStudioVersion = 10.0.40219.1
Project("{FAE04EC0-301F-11D3-BF4B-00C04F79EFBC}") = "TaskBoardApp", "TaskBoardApp\TaskBoardApp.csproj", "{B2DEF490-45F7-443D-A160-0C5078B9885F}"
EndProject
Global
	GlobalSection(SolutionConfigurationPlatforms) = preSolution
		Debug|Any CPU = Debug|Any CPU
		Release|Any CPU = Release|Any CPU
	EndGlobalSection
	GlobalSection(ProjectConfigurationPlatforms) = postSolution
		{B2DEF490-45F7-443D-A160-0C5078B9885F}.Debug|Any CPU.ActiveCfg = Debug|Any CPU
		{B2DEF490-45F7-443D-A160-0C5078B9885F}.Debug|Any CPU.Build.0 = Debug|Any CPU
		{B2DEF490-45F7-443D-A160-0C5078B9885F}.Release|Any CPU.ActiveCfg = Release|Any CPU
		{B2DEF490-45F7-443D-A160-0C5078B9885F}.Release|Any CPU.Build.0 = Release|Any CPU
	EndGlobalSection
	GlobalSection(SolutionProperties) = preSolution
		HideSolutionNode = FALSE
	EndGlobalSection
	GlobalSection(ExtensibilityGlobals) = postSolution
		SolutionGuid = {2D610A60-13CF-4F60-8E2F-4283BF92D3A5}
	EndGlobalSection
EndGlobal
